
Microsoft Visual Studio Solution File, Format Version 12.00
# Visual Studio Version 16
VisualStudioVersion = 16.0.31911.196
MinimumVisualStudioVersion = 10.0.40219.1
Project("{8BC9CEB8-8B4A-11D0-8D11-00A0C91BC942}") = "sandbox", "sandbox\sandbox.vcxproj", "{E7906466-3130-4413-A98C-F5FF4FD9452C}"
EndProject
Project("{8BC9CEB8-8B4A-11D0-8D11-00A0C91BC942}") = "stf_logger", "src\stf_logger.vcxproj", "{325815FA-E84C-41B1-BC86-CAF759870721}"
EndProject
Global
	GlobalSection(SolutionConfigurationPlatforms) = preSolution
		Debug|x64 = Debug|x64
		Release|x64 = Release|x64
	EndGlobalSection
	GlobalSection(ProjectConfigurationPlatforms) = postSolution
		{E7906466-3130-4413-A98C-F5FF4FD9452C}.Debug|x64.ActiveCfg = Debug|x64
		{E7906466-3130-4413-A98C-F5FF4FD9452C}.Debug|x64.Build.0 = Debug|x64
		{E7906466-3130-4413-A98C-F5FF4FD9452C}.Release|x64.ActiveCfg = Release|x64
		{E7906466-3130-4413-A98C-F5FF4FD9452C}.Release|x64.Build.0 = Release|x64
		{325815FA-E84C-41B1-BC86-CAF759870721}.Debug|x64.ActiveCfg = Debug|x64
		{325815FA-E84C-41B1-BC86-CAF759870721}.Debug|x64.Build.0 = Debug|x64
		{325815FA-E84C-41B1-BC86-CAF759870721}.Release|x64.ActiveCfg = Release|x64
		{325815FA-E84C-41B1-BC86-CAF759870721}.Release|x64.Build.0 = Release|x64
	EndGlobalSection
	GlobalSection(SolutionProperties) = preSolution
		HideSolutionNode = FALSE
	EndGlobalSection
	GlobalSection(ExtensibilityGlobals) = postSolution
		SolutionGuid = {857BDD67-2C93-4A0E-9946-CF82D613F2F7}
	EndGlobalSection
EndGlobal
